GIT
  remote: https://github.com/azavea/ansible-java
  ref: master
  sha: fae3bceb50ac64f41dbd848b461119c3c8c7219a
  specs:
    azavea.java (0.0.0)

GIT
  remote: https://github.com/filiptepper/ansible-zookeeper
  ref: develop
  sha: be7cc6beedc0bc3772fbbd04804249101f5ef154
  specs:
    azavea.zookeeper (0.0.0)

PATH
  remote: ../ansible-kafka
  specs:
    tkuhlman.kafka (0.0.0)

DEPENDENCIES
  azavea.java (>= 0)
  azavea.zookeeper (>= 0)
  tkuhlman.kafka (>= 0)

